
Microsoft Visual Studio Solution File, Format Version 12.00
# Visual Studio Version 17
VisualStudioVersion = 17.2.32519.379
MinimumVisualStudioVersion = 10.0.40219.1
Project("{FAE04EC0-301F-11D3-BF4B-00C04F79EFBC}") = "SimpleConsoleMenu", "SimpleConsoleMenu\SimpleConsoleMenu.csproj", "{BFF896BF-1115-4AC3-8A6C-7E39BCE4C594}"
EndProject
Global
	GlobalSection(SolutionConfigurationPlatforms) = preSolution
		Debug|Any CPU = Debug|Any CPU
		Release|Any CPU = Release|Any CPU
	EndGlobalSection
	GlobalSection(ProjectConfigurationPlatforms) = postSolution
		{BFF896BF-1115-4AC3-8A6C-7E39BCE4C594}.Debug|Any CPU.ActiveCfg = Debug|Any CPU
		{BFF896BF-1115-4AC3-8A6C-7E39BCE4C594}.Debug|Any CPU.Build.0 = Debug|Any CPU
		{BFF896BF-1115-4AC3-8A6C-7E39BCE4C594}.Release|Any CPU.ActiveCfg = Release|Any CPU
		{BFF896BF-1115-4AC3-8A6C-7E39BCE4C594}.Release|Any CPU.Build.0 = Release|Any CPU
	EndGlobalSection
	GlobalSection(SolutionProperties) = preSolution
		HideSolutionNode = FALSE
	EndGlobalSection
	GlobalSection(ExtensibilityGlobals) = postSolution
		SolutionGuid = {B5AE8CCF-5051-4E37-8A81-E1C7051C4E3D}
	EndGlobalSection
EndGlobal
